<?xml version="1.0" encoding="utf-8"?>
<Project ToolsVersion="4.0" xmlns="http://schemas.microsoft.com/developer/msbuild/2003">
  <ItemGroup>
    <Filter Include="Source Files">
      <UniqueIdentifier>{4FC737F1-C7A5-4376-A066-2A32D752A2FF}</UniqueIdentifier>
      <Extensions>cpp;c;cc;cxx;c++;cppm;ixx;def;odl;idl;hpj;bat;asm;asmx</Extensions>
    </Filter>
    <Filter Include="Header Files">
      <UniqueIdentifier>{93995380-89BD-4b04-88EB-625FBE52EBFB}</UniqueIdentifier>
      <Extensions>h;hh;hpp;hxx;h++;hm;inl;inc;ipp;xsd</Extensions>
    </Filter>
    <Filter Include="Resource Files">
      <UniqueIdentifier>{67DA6AB6-F800-4c08-8B7A-83BB121AAD01}</UniqueIdentifier>
      <Extensions>rc;ico;cur;bmp;dlg;rc2;rct;bin;rgs;gif;jpg;jpeg;jpe;resx;tiff;tif;png;wav;mfcribbon-ms</Extensions>
    </Filter>
  </ItemGroup>
  <ItemGroup>
    <ClCompile Include="main.c">
      <Filter>Source Files</Filter>
    </ClCompile>
    <ClCompile Include="engine.c">
      <Filter>Source Files</Filter>
    </ClCompile>
    <ClCompile Include="scene.c">
      <Filter>Source Files</Filter>
    </ClCompile>
    <ClCompile Include="camera.c">
      <Filter>Source Files</Filter>
    </ClCompile>
    <ClCompile Include="game_object.c">
      <Filter>Source Files</Filter>
    </ClCompile>
    <ClCompile Include="player_component.c">
      <Filter>Source Files</Filter>
    </ClCompile>
    <ClCompile Include="window.c">
      <Filter>Source Files</Filter>
    </ClCompile>
    <ClCompile Include="component.c">
      <Filter>Source Files</Filter>
    </ClCompile>
    <ClCompile Include="util.c">
      <Filter>Source Files</Filter>
    </ClCompile>
    <ClCompile Include="renderer_component.c">
      <Filter>Source Files</Filter>
    </ClCompile>
    <ClCompile Include="mesh_component.c">
      <Filter>Source Files</Filter>
    </ClCompile>
    <ClCompile Include="shader_component.c">
      <Filter>Source Files</Filter>
    </ClCompile>
    <ClCompile Include="math2.c">
      <Filter>Source Files</Filter>
    </ClCompile>
    <ClCompile Include="transform_component.c">
      <Filter>Source Files</Filter>
    </ClCompile>
    <ClCompile Include="input_manager.c">
      <Filter>Source Files</Filter>
    </ClCompile>
    <ClCompile Include="texture_component.c">
      <Filter>Source Files</Filter>
    </ClCompile>
  </ItemGroup>
  <ItemGroup>
    <ClInclude Include="stb_image.h">
      <Filter>Header Files</Filter>
    </ClInclude>
    <ClInclude Include="common.h">
      <Filter>Header Files</Filter>
    </ClInclude>
    <ClInclude Include="engine.h">
      <Filter>Header Files</Filter>
    </ClInclude>
    <ClInclude Include="scene.h">
      <Filter>Header Files</Filter>
    </ClInclude>
    <ClInclude Include="camera.h">
      <Filter>Header Files</Filter>
    </ClInclude>
    <ClInclude Include="game_object.h">
      <Filter>Header Files</Filter>
    </ClInclude>
    <ClInclude Include="component.h">
      <Filter>Header Files</Filter>
    </ClInclude>
    <ClInclude Include="player_component.h">
      <Filter>Header Files</Filter>
    </ClInclude>
    <ClInclude Include="window.h">
      <Filter>Header Files</Filter>
    </ClInclude>
    <ClInclude Include="util.h">
      <Filter>Header Files</Filter>
    </ClInclude>
    <ClInclude Include="renderer_component.h">
      <Filter>Header Files</Filter>
    </ClInclude>
    <ClInclude Include="mesh_component.h">
      <Filter>Header Files</Filter>
    </ClInclude>
    <ClInclude Include="shader_component.h">
      <Filter>Header Files</Filter>
    </ClInclude>
    <ClInclude Include="math2.h">
      <Filter>Header Files</Filter>
    </ClInclude>
    <ClInclude Include="transform_component.h">
      <Filter>Header Files</Filter>
    </ClInclude>
    <ClInclude Include="input_manager.h">
      <Filter>Header Files</Filter>
    </ClInclude>
    <ClInclude Include="texture_component.h">
      <Filter>Header Files</Filter>
    </ClInclude>
  </ItemGroup>
  <ItemGroup>
    <None Include="freetype.dll" />
    <None Include="glfw3.dll" />
    <None Include="glew32.dll" />
    <None Include="cpp.hint" />
    <None Include="shaders\mesh.vert" />
    <None Include="shaders\mesh.frag" />
  </ItemGroup>
  <ItemGroup>
    <Image Include="images\water_refraction.png">
      <Filter>Resource Files</Filter>
    </Image>
    <Image Include="images\reload.png">
      <Filter>Resource Files</Filter>
    </Image>
    <Image Include="images\water_du_dv.png">
      <Filter>Resource Files</Filter>
    </Image>
    <Image Include="images\water_normals.png">
      <Filter>Resource Files</Filter>
    </Image>
    <Image Include="..\..\..\Downloads\Beginning-Cpp-Game-Programming-Second-Edition-master\Beginning-Cpp-Game-Programming-Second-Edition-master\Chapter08\graphics\player.png">
      <Filter>Resource Files</Filter>
    </Image>
    <Image Include="..\..\..\Downloads\Beginning-Cpp-Game-Programming-Second-Edition-master\Beginning-Cpp-Game-Programming-Second-Edition-master\Chapter08\graphics\sample.png">
      <Filter>Resource Files</Filter>
    </Image>
    <Image Include="images\ammo_icon.png">
      <Filter>Resource Files</Filter>
    </Image>
    <Image Include="images\ammo_pickup.png">
      <Filter>Resource Files</Filter>
    </Image>
    <Image Include="images\background.png">
      <Filter>Resource Files</Filter>
    </Image>
    <Image Include="images\background_sheet.png">
      <Filter>Resource Files</Filter>
    </Image>
    <Image Include="images\bloater.png">
      <Filter>Resource Files</Filter>
    </Image>
    <Image Include="images\blood.png">
      <Filter>Resource Files</Filter>
    </Image>
    <Image Include="images\chaser.png">
      <Filter>Resource Files</Filter>
    </Image>
    <Image Include="images\crawler.png">
      <Filter>Resource Files</Filter>
    </Image>
    <Image Include="images\crosshair.png">
      <Filter>Resource Files</Filter>
    </Image>
    <Image Include="images\health_pickup.png">
      <Filter>Resource Files</Filter>
    </Image>
    <Image Include="images\player.png">
      <Filter>Resource Files</Filter>
    </Image>
    <Image Include="images\sample.png">
      <Filter>Resource Files</Filter>
    </Image>
  </ItemGroup>
</Project>